// !$*UTF8*$!
{
	archiveVersion = 1;
	classes = {
	};
	objectVersion = 56;
	objects = {

/* Begin PBXBuildFile section */
		E43AEB752A21B4640057ED0E /* UserAgentTableViewController.swift in Sources */ = {isa = PBXBuildFile; fileRef = E43AEB702A21B45D0057ED0E /* UserAgentTableViewController.swift */; };
		E43AEB872A22012E0057ED0E /* SafariWebExtensionHandler.swift in Sources */ = {isa = PBXBuildFile; fileRef = E43AEB862A22012E0057ED0E /* SafariWebExtensionHandler.swift */; };
		E43AEB8E2A2202730057ED0E /* Unagent Extension.appex in Embed Foundation Extensions */ = {isa = PBXBuildFile; fileRef = E4B1B30229F4C51D00827556 /* Unagent Extension.appex */; settings = {ATTRIBUTES = (RemoveHeadersOnCopy, ); }; };
		E43AEB982A2202980057ED0E /* LICENSE in Resources */ = {isa = PBXBuildFile; fileRef = E43AEB932A2202980057ED0E /* LICENSE */; };
		E43AEB992A2202980057ED0E /* background.js in Resources */ = {isa = PBXBuildFile; fileRef = E43AEB942A2202980057ED0E /* background.js */; };
		E43AEB9A2A2202980057ED0E /* 128.png in Resources */ = {isa = PBXBuildFile; fileRef = E43AEB952A2202980057ED0E /* 128.png */; };
		E43AEB9B2A2202980057ED0E /* manifest.json in Resources */ = {isa = PBXBuildFile; fileRef = E43AEB962A2202980057ED0E /* manifest.json */; };
		E43AEB9C2A2202980057ED0E /* content.js in Resources */ = {isa = PBXBuildFile; fileRef = E43AEB972A2202980057ED0E /* content.js */; };
		E43AEBA62A2202B00057ED0E /* Icon.png in Resources */ = {isa = PBXBuildFile; fileRef = E43AEB9E2A2202A40057ED0E /* Icon.png */; };
		E43AEBA72A2202B00057ED0E /* Main.html in Resources */ = {isa = PBXBuildFile; fileRef = E43AEBA02A2202A40057ED0E /* Main.html */; };
		E43AEBA82A2202B00057ED0E /* Style.css in Resources */ = {isa = PBXBuildFile; fileRef = E43AEBA12A2202A40057ED0E /* Style.css */; };
		E43AEBA92A2202B00057ED0E /* Script.js in Resources */ = {isa = PBXBuildFile; fileRef = E43AEB9F2A2202A40057ED0E /* Script.js */; };
		E4B1B2E729F4C51D00827556 /* AppDelegate.swift in Sources */ = {isa = PBXBuildFile; fileRef = E4B1B2E629F4C51D00827556 /* AppDelegate.swift */; };
		E4B1B2E929F4C51D00827556 /* SceneDelegate.swift in Sources */ = {isa = PBXBuildFile; fileRef = E4B1B2E829F4C51D00827556 /* SceneDelegate.swift */; };
		E4B1B2EC29F4C51D00827556 /* LaunchScreen.storyboard in Resources */ = {isa = PBXBuildFile; fileRef = E4B1B2EA29F4C51D00827556 /* LaunchScreen.storyboard */; };
		E4B1B2EF29F4C51D00827556 /* Main.storyboard in Resources */ = {isa = PBXBuildFile; fileRef = E4B1B2ED29F4C51D00827556 /* Main.storyboard */; };
		E4B1B31B29F4C51D00827556 /* SetUpViewController.swift in Sources */ = {isa = PBXBuildFile; fileRef = E4B1B2DB29F4C51C00827556 /* SetUpViewController.swift */; };
		E4B1B31D29F4C51D00827556 /* Assets.xcassets in Resources */ = {isa = PBXBuildFile; fileRef = E4B1B2DC29F4C51D00827556 /* Assets.xcassets */; };
/* End PBXBuildFile section */

/* Begin PBXContainerItemProxy section */
		E43AEB8F2A2202730057ED0E /* PBXContainerItemProxy */ = {
			isa = PBXContainerItemProxy;
			containerPortal = E4B1B2D029F4C51C00827556 /* Project object */;
			proxyType = 1;
			remoteGlobalIDString = E4B1B30129F4C51D00827556;
			remoteInfo = "Unagent Extension";
		};
/* End PBXContainerItemProxy section */

/* Begin PBXCopyFilesBuildPhase section */
		E43AEB912A2202730057ED0E /* Embed Foundation Extensions */ = {
			isa = PBXCopyFilesBuildPhase;
			buildActionMask = 2147483647;
			dstPath = "";
			dstSubfolderSpec = 13;
			files = (
				E43AEB8E2A2202730057ED0E /* Unagent Extension.appex in Embed Foundation Extensions */,
			);
			name = "Embed Foundation Extensions";
			runOnlyForDeploymentPostprocessing = 0;
		};
/* End PBXCopyFilesBuildPhase section */

/* Begin PBXFileReference section */
		E43AEB702A21B45D0057ED0E /* UserAgentTableViewController.swift */ = {isa = PBXFileReference; lastKnownFileType = sourcecode.swift; path = UserAgentTableViewController.swift; sourceTree = "<group>"; };
		E43AEB762A21B83F0057ED0E /* BingMeUp (iOS).entitlements */ = {isa = PBXFileReference; lastKnownFileType = text.plist.entitlements; path = "BingMeUp (iOS).entitlements"; sourceTree = "<group>"; };
		E43AEB772A21B8730057ED0E /* BingMeUp Extension (iOS).entitlements */ = {isa = PBXFileReference; lastKnownFileType = text.plist.entitlements; path = "BingMeUp Extension (iOS).entitlements"; sourceTree = "<group>"; };
		E43AEB862A22012E0057ED0E /* SafariWebExtensionHandler.swift */ = {isa = PBXFileReference; fileEncoding = 4; lastKnownFileType = sourcecode.swift; path = SafariWebExtensionHandler.swift; sourceTree = "<group>"; };
		E43AEB932A2202980057ED0E /* LICENSE */ = {isa = PBXFileReference; fileEncoding = 4; lastKnownFileType = text; path = LICENSE; sourceTree = "<group>"; };
		E43AEB942A2202980057ED0E /* background.js */ = {isa = PBXFileReference; fileEncoding = 4; lastKnownFileType = sourcecode.javascript; path = background.js; sourceTree = "<group>"; };
		E43AEB952A2202980057ED0E /* 128.png */ = {isa = PBXFileReference; lastKnownFileType = image.png; path = 128.png; sourceTree = "<group>"; };
		E43AEB962A2202980057ED0E /* manifest.json */ = {isa = PBXFileReference; fileEncoding = 4; lastKnownFileType = text.json; path = manifest.json; sourceTree = "<group>"; };
		E43AEB972A2202980057ED0E /* content.js */ = {isa = PBXFileReference; fileEncoding = 4; lastKnownFileType = sourcecode.javascript; path = content.js; sourceTree = "<group>"; };
		E43AEB9E2A2202A40057ED0E /* Icon.png */ = {isa = PBXFileReference; lastKnownFileType = image.png; path = Icon.png; sourceTree = "<group>"; };
		E43AEB9F2A2202A40057ED0E /* Script.js */ = {isa = PBXFileReference; fileEncoding = 4; lastKnownFileType = sourcecode.javascript; path = Script.js; sourceTree = "<group>"; };
		E43AEBA02A2202A40057ED0E /* Main.html */ = {isa = PBXFileReference; fileEncoding = 4; lastKnownFileType = text.html; path = Main.html; sourceTree = "<group>"; };
		E43AEBA12A2202A40057ED0E /* Style.css */ = {isa = PBXFileReference; fileEncoding = 4; lastKnownFileType = text.css; path = Style.css; sourceTree = "<group>"; };
		E4B1B2DB29F4C51C00827556 /* SetUpViewController.swift */ = {isa = PBXFileReference; lastKnownFileType = sourcecode.swift; path = SetUpViewController.swift; sourceTree = "<group>"; };
		E4B1B2DC29F4C51D00827556 /* Assets.xcassets */ = {isa = PBXFileReference; lastKnownFileType = folder.assetcatalog; path = Assets.xcassets; sourceTree = "<group>"; };
		E4B1B2E329F4C51D00827556 /* Unagent.app */ = {isa = PBXFileReference; explicitFileType = wrapper.application; includeInIndex = 0; path = Unagent.app; sourceTree = BUILT_PRODUCTS_DIR; };
		E4B1B2E629F4C51D00827556 /* AppDelegate.swift */ = {isa = PBXFileReference; lastKnownFileType = sourcecode.swift; path = AppDelegate.swift; sourceTree = "<group>"; };
		E4B1B2E829F4C51D00827556 /* SceneDelegate.swift */ = {isa = PBXFileReference; lastKnownFileType = sourcecode.swift; path = SceneDelegate.swift; sourceTree = "<group>"; };
		E4B1B2EB29F4C51D00827556 /* Base */ = {isa = PBXFileReference; lastKnownFileType = file.storyboard; name = Base; path = Base.lproj/LaunchScreen.storyboard; sourceTree = "<group>"; };
		E4B1B2EE29F4C51D00827556 /* Base */ = {isa = PBXFileReference; lastKnownFileType = file.storyboard; name = Base; path = Base.lproj/Main.storyboard; sourceTree = "<group>"; };
		E4B1B2F029F4C51D00827556 /* Info.plist */ = {isa = PBXFileReference; lastKnownFileType = text.plist.xml; path = Info.plist; sourceTree = "<group>"; };
		E4B1B30229F4C51D00827556 /* Unagent Extension.appex */ = {isa = PBXFileReference; explicitFileType = "wrapper.app-extension"; includeInIndex = 0; path = "Unagent Extension.appex"; sourceTree = BUILT_PRODUCTS_DIR; };
		E4B1B30729F4C51D00827556 /* Info.plist */ = {isa = PBXFileReference; lastKnownFileType = text.plist.xml; path = Info.plist; sourceTree = "<group>"; };
/* End PBXFileReference section */

/* Begin PBXFrameworksBuildPhase section */
		E4B1B2E029F4C51D00827556 /* Frameworks */ = {
			isa = PBXFrameworksBuildPhase;
			buildActionMask = 2147483647;
			files = (
			);
			runOnlyForDeploymentPostprocessing = 0;
		};
		E4B1B2FF29F4C51D00827556 /* Frameworks */ = {
			isa = PBXFrameworksBuildPhase;
			buildActionMask = 2147483647;
			files = (
			);
			runOnlyForDeploymentPostprocessing = 0;
		};
/* End PBXFrameworksBuildPhase section */

/* Begin PBXGroup section */
		E43AEB8D2A2202730057ED0E /* Frameworks */ = {
			isa = PBXGroup;
			children = (
			);
			name = Frameworks;
			sourceTree = "<group>";
		};
		E43AEB922A2202980057ED0E /* Resources */ = {
			isa = PBXGroup;
			children = (
				E43AEB932A2202980057ED0E /* LICENSE */,
				E43AEB952A2202980057ED0E /* 128.png */,
				E43AEB962A2202980057ED0E /* manifest.json */,
				E43AEB942A2202980057ED0E /* background.js */,
				E43AEB972A2202980057ED0E /* content.js */,
			);
			path = Resources;
			sourceTree = "<group>";
		};
		E43AEB9D2A2202A40057ED0E /* Resources */ = {
			isa = PBXGroup;
			children = (
				E43AEB9E2A2202A40057ED0E /* Icon.png */,
				E43AEBA02A2202A40057ED0E /* Main.html */,
				E43AEB9F2A2202A40057ED0E /* Script.js */,
				E43AEBA12A2202A40057ED0E /* Style.css */,
			);
			path = Resources;
			sourceTree = "<group>";
		};
		E4B1B2CF29F4C51C00827556 = {
			isa = PBXGroup;
			children = (
				E43AEB772A21B8730057ED0E /* BingMeUp Extension (iOS).entitlements */,
				E43AEB762A21B83F0057ED0E /* BingMeUp (iOS).entitlements */,
				E4B1B2E529F4C51D00827556 /* App */,
				E4B1B30629F4C51D00827556 /* Extension */,
				E4B1B2E429F4C51D00827556 /* Products */,
				E43AEB8D2A2202730057ED0E /* Frameworks */,
			);
			sourceTree = "<group>";
		};
		E4B1B2E429F4C51D00827556 /* Products */ = {
			isa = PBXGroup;
			children = (
				E4B1B2E329F4C51D00827556 /* Unagent.app */,
				E4B1B30229F4C51D00827556 /* Unagent Extension.appex */,
			);
			name = Products;
			sourceTree = "<group>";
		};
		E4B1B2E529F4C51D00827556 /* App */ = {
			isa = PBXGroup;
			children = (
				E43AEB9D2A2202A40057ED0E /* Resources */,
				E4B1B2F029F4C51D00827556 /* Info.plist */,
				E4B1B2DC29F4C51D00827556 /* Assets.xcassets */,
				E4B1B2E629F4C51D00827556 /* AppDelegate.swift */,
				E4B1B2E829F4C51D00827556 /* SceneDelegate.swift */,
				E4B1B2DB29F4C51C00827556 /* SetUpViewController.swift */,
				E43AEB702A21B45D0057ED0E /* UserAgentTableViewController.swift */,
				E4B1B2EA29F4C51D00827556 /* LaunchScreen.storyboard */,
				E4B1B2ED29F4C51D00827556 /* Main.storyboard */,
			);
			path = App;
			sourceTree = "<group>";
		};
		E4B1B30629F4C51D00827556 /* Extension */ = {
			isa = PBXGroup;
			children = (
				E43AEB922A2202980057ED0E /* Resources */,
				E4B1B30729F4C51D00827556 /* Info.plist */,
				E43AEB862A22012E0057ED0E /* SafariWebExtensionHandler.swift */,
			);
			path = Extension;
			sourceTree = "<group>";
		};
/* End PBXGroup section */

/* Begin PBXNativeTarget section */
		E4B1B2E229F4C51D00827556 /* Unagent */ = {
			isa = PBXNativeTarget;
			buildConfigurationList = E4B1B32729F4C51D00827556 /* Build configuration list for PBXNativeTarget "Unagent" */;
			buildPhases = (
				E4B1B2DF29F4C51D00827556 /* Sources */,
				E4B1B2E029F4C51D00827556 /* Frameworks */,
				E4B1B2E129F4C51D00827556 /* Resources */,
				E43AEB912A2202730057ED0E /* Embed Foundation Extensions */,
			);
			buildRules = (
			);
			dependencies = (
				E43AEB902A2202730057ED0E /* PBXTargetDependency */,
			);
			name = Unagent;
			productName = "Bing Chat Unblocker (iOS)";
			productReference = E4B1B2E329F4C51D00827556 /* Unagent.app */;
			productType = "com.apple.product-type.application";
		};
		E4B1B30129F4C51D00827556 /* Unagent Extension */ = {
			isa = PBXNativeTarget;
			buildConfigurationList = E4B1B32329F4C51D00827556 /* Build configuration list for PBXNativeTarget "Unagent Extension" */;
			buildPhases = (
				E4B1B2FE29F4C51D00827556 /* Sources */,
				E4B1B2FF29F4C51D00827556 /* Frameworks */,
				E4B1B30029F4C51D00827556 /* Resources */,
			);
			buildRules = (
			);
			dependencies = (
			);
			name = "Unagent Extension";
			productName = "Bing Chat Unblocker Extension (iOS)";
			productReference = E4B1B30229F4C51D00827556 /* Unagent Extension.appex */;
			productType = "com.apple.product-type.app-extension";
		};
/* End PBXNativeTarget section */

/* Begin PBXProject section */
		E4B1B2D029F4C51C00827556 /* Project object */ = {
			isa = PBXProject;
			attributes = {
				BuildIndependentTargetsInParallel = 1;
				LastSwiftUpdateCheck = 1430;
				LastUpgradeCheck = 1430;
				TargetAttributes = {
					E4B1B2E229F4C51D00827556 = {
						CreatedOnToolsVersion = 14.3;
					};
					E4B1B30129F4C51D00827556 = {
						CreatedOnToolsVersion = 14.3;
						LastSwiftMigration = 1430;
					};
				};
			};
			buildConfigurationList = E4B1B2D329F4C51C00827556 /* Build configuration list for PBXProject "Unagent" */;
			compatibilityVersion = "Xcode 14.0";
			developmentRegion = en;
			hasScannedForEncodings = 0;
			knownRegions = (
				en,
				Base,
			);
			mainGroup = E4B1B2CF29F4C51C00827556;
			productRefGroup = E4B1B2E429F4C51D00827556 /* Products */;
			projectDirPath = "";
			projectRoot = "";
			targets = (
				E4B1B2E229F4C51D00827556 /* Unagent */,
				E4B1B30129F4C51D00827556 /* Unagent Extension */,
			);
		};
/* End PBXProject section */

/* Begin PBXResourcesBuildPhase section */
		E4B1B2E129F4C51D00827556 /* Resources */ = {
			isa = PBXResourcesBuildPhase;
			buildActionMask = 2147483647;
			files = (
				E43AEBA62A2202B00057ED0E /* Icon.png in Resources */,
				E4B1B2EC29F4C51D00827556 /* LaunchScreen.storyboard in Resources */,
				E4B1B31D29F4C51D00827556 /* Assets.xcassets in Resources */,
				E43AEBA72A2202B00057ED0E /* Main.html in Resources */,
				E4B1B2EF29F4C51D00827556 /* Main.storyboard in Resources */,
				E43AEBA92A2202B00057ED0E /* Script.js in Resources */,
				E43AEBA82A2202B00057ED0E /* Style.css in Resources */,
			);
			runOnlyForDeploymentPostprocessing = 0;
		};
		E4B1B30029F4C51D00827556 /* Resources */ = {
			isa = PBXResourcesBuildPhase;
			buildActionMask = 2147483647;
			files = (
				E43AEB9B2A2202980057ED0E /* manifest.json in Resources */,
				E43AEB9A2A2202980057ED0E /* 128.png in Resources */,
				E43AEB992A2202980057ED0E /* background.js in Resources */,
				E43AEB982A2202980057ED0E /* LICENSE in Resources */,
				E43AEB9C2A2202980057ED0E /* content.js in Resources */,
			);
			runOnlyForDeploymentPostprocessing = 0;
		};
/* End PBXResourcesBuildPhase section */

/* Begin PBXSourcesBuildPhase section */
		E4B1B2DF29F4C51D00827556 /* Sources */ = {
			isa = PBXSourcesBuildPhase;
			buildActionMask = 2147483647;
			files = (
				E4B1B31B29F4C51D00827556 /* SetUpViewController.swift in Sources */,
				E4B1B2E729F4C51D00827556 /* AppDelegate.swift in Sources */,
				E43AEB752A21B4640057ED0E /* UserAgentTableViewController.swift in Sources */,
				E4B1B2E929F4C51D00827556 /* SceneDelegate.swift in Sources */,
			);
			runOnlyForDeploymentPostprocessing = 0;
		};
		E4B1B2FE29F4C51D00827556 /* Sources */ = {
			isa = PBXSourcesBuildPhase;
			buildActionMask = 2147483647;
			files = (
				E43AEB872A22012E0057ED0E /* SafariWebExtensionHandler.swift in Sources */,
			);
			runOnlyForDeploymentPostprocessing = 0;
		};
/* End PBXSourcesBuildPhase section */

/* Begin PBXTargetDependency section */
		E43AEB902A2202730057ED0E /* PBXTargetDependency */ = {
			isa = PBXTargetDependency;
			target = E4B1B30129F4C51D00827556 /* Unagent Extension */;
			targetProxy = E43AEB8F2A2202730057ED0E /* PBXContainerItemProxy */;
		};
/* End PBXTargetDependency section */

/* Begin PBXVariantGroup section */
		E4B1B2EA29F4C51D00827556 /* LaunchScreen.storyboard */ = {
			isa = PBXVariantGroup;
			children = (
				E4B1B2EB29F4C51D00827556 /* Base */,
			);
			name = LaunchScreen.storyboard;
			sourceTree = "<group>";
		};
		E4B1B2ED29F4C51D00827556 /* Main.storyboard */ = {
			isa = PBXVariantGroup;
			children = (
				E4B1B2EE29F4C51D00827556 /* Base */,
			);
			name = Main.storyboard;
			sourceTree = "<group>";
		};
/* End PBXVariantGroup section */

/* Begin XCBuildConfiguration section */
		E4B1B32129F4C51D00827556 /* Debug */ = {
			isa = XCBuildConfiguration;
			buildSettings = {
				ALWAYS_SEARCH_USER_PATHS = NO;
				CLANG_ANALYZER_NONNULL = YES;
				CLANG_ANALYZER_NUMBER_OBJECT_CONVERSION = YES_AGGRESSIVE;
				CLANG_CXX_LANGUAGE_STANDARD = "gnu++20";
				CLANG_ENABLE_MODULES = YES;
				CLANG_ENABLE_OBJC_ARC = YES;
				CLANG_ENABLE_OBJC_WEAK = YES;
				CLANG_WARN_BLOCK_CAPTURE_AUTORELEASING = YES;
				CLANG_WARN_BOOL_CONVERSION = YES;
				CLANG_WARN_COMMA = YES;
				CLANG_WARN_CONSTANT_CONVERSION = YES;
				CLANG_WARN_DEPRECATED_OBJC_IMPLEMENTATIONS = YES;
				CLANG_WARN_DIRECT_OBJC_ISA_USAGE = YES_ERROR;
				CLANG_WARN_DOCUMENTATION_COMMENTS = YES;
				CLANG_WARN_EMPTY_BODY = YES;
				CLANG_WARN_ENUM_CONVERSION = YES;
				CLANG_WARN_INFINITE_RECURSION = YES;
				CLANG_WARN_INT_CONVERSION = YES;
				CLANG_WARN_NON_LITERAL_NULL_CONVERSION = YES;
				CLANG_WARN_OBJC_IMPLICIT_RETAIN_SELF = YES;
				CLANG_WARN_OBJC_LITERAL_CONVERSION = YES;
				CLANG_WARN_OBJC_ROOT_CLASS = YES_ERROR;
				CLANG_WARN_QUOTED_INCLUDE_IN_FRAMEWORK_HEADER = YES;
				CLANG_WARN_RANGE_LOOP_ANALYSIS = YES;
				CLANG_WARN_STRICT_PROTOTYPES = YES;
				CLANG_WARN_SUSPICIOUS_MOVE = YES;
				CLANG_WARN_UNGUARDED_AVAILABILITY = YES_AGGRESSIVE;
				CLANG_WARN_UNREACHABLE_CODE = YES;
				CLANG_WARN__DUPLICATE_METHOD_MATCH = YES;
				COPY_PHASE_STRIP = NO;
				DEBUG_INFORMATION_FORMAT = dwarf;
				ENABLE_STRICT_OBJC_MSGSEND = YES;
				ENABLE_TESTABILITY = YES;
				GCC_C_LANGUAGE_STANDARD = gnu11;
				GCC_DYNAMIC_NO_PIC = NO;
				GCC_NO_COMMON_BLOCKS = YES;
				GCC_OPTIMIZATION_LEVEL = 0;
				GCC_PREPROCESSOR_DEFINITIONS = (
					"DEBUG=1",
					"$(inherited)",
				);
				GCC_WARN_64_TO_32_BIT_CONVERSION = YES;
				GCC_WARN_ABOUT_RETURN_TYPE = YES_ERROR;
				GCC_WARN_UNDECLARED_SELECTOR = YES;
				GCC_WARN_UNINITIALIZED_AUTOS = YES_AGGRESSIVE;
				GCC_WARN_UNUSED_FUNCTION = YES;
				GCC_WARN_UNUSED_VARIABLE = YES;
				MTL_ENABLE_DEBUG_INFO = INCLUDE_SOURCE;
				MTL_FAST_MATH = YES;
				ONLY_ACTIVE_ARCH = YES;
				SWIFT_ACTIVE_COMPILATION_CONDITIONS = DEBUG;
				SWIFT_OPTIMIZATION_LEVEL = "-Onone";
			};
			name = Debug;
		};
		E4B1B32229F4C51D00827556 /* Release */ = {
			isa = XCBuildConfiguration;
			buildSettings = {
				ALWAYS_SEARCH_USER_PATHS = NO;
				CLANG_ANALYZER_NONNULL = YES;
				CLANG_ANALYZER_NUMBER_OBJECT_CONVERSION = YES_AGGRESSIVE;
				CLANG_CXX_LANGUAGE_STANDARD = "gnu++20";
				CLANG_ENABLE_MODULES = YES;
				CLANG_ENABLE_OBJC_ARC = YES;
				CLANG_ENABLE_OBJC_WEAK = YES;
				CLANG_WARN_BLOCK_CAPTURE_AUTORELEASING = YES;
				CLANG_WARN_BOOL_CONVERSION = YES;
				CLANG_WARN_COMMA = YES;
				CLANG_WARN_CONSTANT_CONVERSION = YES;
				CLANG_WARN_DEPRECATED_OBJC_IMPLEMENTATIONS = YES;
				CLANG_WARN_DIRECT_OBJC_ISA_USAGE = YES_ERROR;
				CLANG_WARN_DOCUMENTATION_COMMENTS = YES;
				CLANG_WARN_EMPTY_BODY = YES;
				CLANG_WARN_ENUM_CONVERSION = YES;
				CLANG_WARN_INFINITE_RECURSION = YES;
				CLANG_WARN_INT_CONVERSION = YES;
				CLANG_WARN_NON_LITERAL_NULL_CONVERSION = YES;
				CLANG_WARN_OBJC_IMPLICIT_RETAIN_SELF = YES;
				CLANG_WARN_OBJC_LITERAL_CONVERSION = YES;
				CLANG_WARN_OBJC_ROOT_CLASS = YES_ERROR;
				CLANG_WARN_QUOTED_INCLUDE_IN_FRAMEWORK_HEADER = YES;
				CLANG_WARN_RANGE_LOOP_ANALYSIS = YES;
				CLANG_WARN_STRICT_PROTOTYPES = YES;
				CLANG_WARN_SUSPICIOUS_MOVE = YES;
				CLANG_WARN_UNGUARDED_AVAILABILITY = YES_AGGRESSIVE;
				CLANG_WARN_UNREACHABLE_CODE = YES;
				CLANG_WARN__DUPLICATE_METHOD_MATCH = YES;
				COPY_PHASE_STRIP = NO;
				DEBUG_INFORMATION_FORMAT = "dwarf-with-dsym";
				ENABLE_NS_ASSERTIONS = NO;
				ENABLE_STRICT_OBJC_MSGSEND = YES;
				GCC_C_LANGUAGE_STANDARD = gnu11;
				GCC_NO_COMMON_BLOCKS = YES;
				GCC_WARN_64_TO_32_BIT_CONVERSION = YES;
				GCC_WARN_ABOUT_RETURN_TYPE = YES_ERROR;
				GCC_WARN_UNDECLARED_SELECTOR = YES;
				GCC_WARN_UNINITIALIZED_AUTOS = YES_AGGRESSIVE;
				GCC_WARN_UNUSED_FUNCTION = YES;
				GCC_WARN_UNUSED_VARIABLE = YES;
				MTL_ENABLE_DEBUG_INFO = NO;
				MTL_FAST_MATH = YES;
				SWIFT_COMPILATION_MODE = wholemodule;
				SWIFT_OPTIMIZATION_LEVEL = "-O";
			};
			name = Release;
		};
		E4B1B32429F4C51D00827556 /* Debug */ = {
			isa = XCBuildConfiguration;
			buildSettings = {
				CLANG_ENABLE_MODULES = YES;
				CODE_SIGN_ENTITLEMENTS = "BingMeUp Extension (iOS).entitlements";
				CODE_SIGN_STYLE = Automatic;
				CURRENT_PROJECT_VERSION = 7;
				DEVELOPMENT_TEAM = YYM4Z6MU8F;
				GENERATE_INFOPLIST_FILE = YES;
				INFOPLIST_FILE = Extension/Info.plist;
				INFOPLIST_KEY_CFBundleDisplayName = "Unagent Extension";
				INFOPLIST_KEY_NSHumanReadableCopyright = "";
				IPHONEOS_DEPLOYMENT_TARGET = 15.0;
				LD_RUNPATH_SEARCH_PATHS = (
					"$(inherited)",
					"@executable_path/Frameworks",
					"@executable_path/../../Frameworks",
				);
				MARKETING_VERSION = 1.0;
				OTHER_LDFLAGS = (
					"-framework",
					SafariServices,
				);
				PRODUCT_BUNDLE_IDENTIFIER = com.tsubuzaki.BingBong.Extension;
				PRODUCT_NAME = "Unagent Extension";
				SDKROOT = iphoneos;
				SKIP_INSTALL = YES;
				SUPPORTS_MACCATALYST = YES;
				SWIFT_EMIT_LOC_STRINGS = YES;
				SWIFT_OPTIMIZATION_LEVEL = "-Onone";
				SWIFT_VERSION = 5.0;
				TARGETED_DEVICE_FAMILY = "1,2";
			};
			name = Debug;
		};
		E4B1B32529F4C51D00827556 /* Release */ = {
			isa = XCBuildConfiguration;
			buildSettings = {
				CLANG_ENABLE_MODULES = YES;
				CODE_SIGN_ENTITLEMENTS = "BingMeUp Extension (iOS).entitlements";
				CODE_SIGN_STYLE = Automatic;
				CURRENT_PROJECT_VERSION = 7;
				DEVELOPMENT_TEAM = YYM4Z6MU8F;
				GENERATE_INFOPLIST_FILE = YES;
				INFOPLIST_FILE = Extension/Info.plist;
				INFOPLIST_KEY_CFBundleDisplayName = "Unagent Extension";
				INFOPLIST_KEY_NSHumanReadableCopyright = "";
				IPHONEOS_DEPLOYMENT_TARGET = 15.0;
				LD_RUNPATH_SEARCH_PATHS = (
					"$(inherited)",
					"@executable_path/Frameworks",
					"@executable_path/../../Frameworks",
				);
				MARKETING_VERSION = 1.0;
				OTHER_LDFLAGS = (
					"-framework",
					SafariServices,
				);
				PRODUCT_BUNDLE_IDENTIFIER = com.tsubuzaki.BingBong.Extension;
				PRODUCT_NAME = "Unagent Extension";
				SDKROOT = iphoneos;
				SKIP_INSTALL = YES;
				SUPPORTS_MACCATALYST = YES;
				SWIFT_EMIT_LOC_STRINGS = YES;
				SWIFT_VERSION = 5.0;
				TARGETED_DEVICE_FAMILY = "1,2";
				VALIDATE_PRODUCT = YES;
			};
			name = Release;
		};
		E4B1B32829F4C51D00827556 /* Debug */ = {
			isa = XCBuildConfiguration;
			buildSettings = {
				ASSETCATALOG_COMPILER_APPICON_NAME = AppIcon;
				ASSETCATALOG_COMPILER_GLOBAL_ACCENT_COLOR_NAME = AccentColor;
				CODE_SIGN_ENTITLEMENTS = "BingMeUp (iOS).entitlements";
				CODE_SIGN_STYLE = Automatic;
				CURRENT_PROJECT_VERSION = 7;
				DEVELOPMENT_TEAM = YYM4Z6MU8F;
				GENERATE_INFOPLIST_FILE = YES;
				INFOPLIST_FILE = App/Info.plist;
				INFOPLIST_KEY_CFBundleDisplayName = Unagent;
				INFOPLIST_KEY_LSApplicationCategoryType = "public.app-category.utilities";
				INFOPLIST_KEY_UIApplicationSupportsIndirectInputEvents = YES;
				INFOPLIST_KEY_UILaunchStoryboardName = LaunchScreen;
				INFOPLIST_KEY_UIMainStoryboardFile = Main;
				INFOPLIST_KEY_UISupportedInterfaceOrientations = "UIInterfaceOrientationLandscapeLeft UIInterfaceOrientationLandscapeRight UIInterfaceOrientationPortrait";
				IPHONEOS_DEPLOYMENT_TARGET = 15.0;
				LD_RUNPATH_SEARCH_PATHS = (
					"$(inherited)",
					"@executable_path/Frameworks",
				);
				MARKETING_VERSION = 1.0;
				OTHER_LDFLAGS = (
					"-framework",
					SafariServices,
					"-framework",
					WebKit,
				);
				PRODUCT_BUNDLE_IDENTIFIER = com.tsubuzaki.BingBong;
				PRODUCT_NAME = Unagent;
				SDKROOT = iphoneos;
				SUPPORTED_PLATFORMS = "iphoneos iphonesimulator";
				SUPPORTS_MACCATALYST = YES;
				SUPPORTS_MAC_DESIGNED_FOR_IPHONE_IPAD = NO;
				SWIFT_EMIT_LOC_STRINGS = YES;
				SWIFT_VERSION = 5.0;
				TARGETED_DEVICE_FAMILY = "1,2";
			};
			name = Debug;
		};
		E4B1B32929F4C51D00827556 /* Release */ = {
			isa = XCBuildConfiguration;
			buildSettings = {
				ASSETCATALOG_COMPILER_APPICON_NAME = AppIcon;
				ASSETCATALOG_COMPILER_GLOBAL_ACCENT_COLOR_NAME = AccentColor;
				CODE_SIGN_ENTITLEMENTS = "BingMeUp (iOS).entitlements";
				CODE_SIGN_STYLE = Automatic;
				CURRENT_PROJECT_VERSION = 7;
				DEVELOPMENT_TEAM = YYM4Z6MU8F;
				GENERATE_INFOPLIST_FILE = YES;
				INFOPLIST_FILE = App/Info.plist;
				INFOPLIST_KEY_CFBundleDisplayName = Unagent;
				INFOPLIST_KEY_LSApplicationCategoryType = "public.app-category.utilities";
				INFOPLIST_KEY_UIApplicationSupportsIndirectInputEvents = YES;
				INFOPLIST_KEY_UILaunchStoryboardName = LaunchScreen;
				INFOPLIST_KEY_UIMainStoryboardFile = Main;
				INFOPLIST_KEY_UISupportedInterfaceOrientations = "UIInterfaceOrientationLandscapeLeft UIInterfaceOrientationLandscapeRight UIInterfaceOrientationPortrait";
				IPHONEOS_DEPLOYMENT_TARGET = 15.0;
				LD_RUNPATH_SEARCH_PATHS = (
					"$(inherited)",
					"@executable_path/Frameworks",
				);
				MARKETING_VERSION = 1.0;
				OTHER_LDFLAGS = (
					"-framework",
					SafariServices,
					"-framework",
					WebKit,
				);
				PRODUCT_BUNDLE_IDENTIFIER = com.tsubuzaki.BingBong;
				PRODUCT_NAME = Unagent;
				SDKROOT = iphoneos;
				SUPPORTED_PLATFORMS = "iphoneos iphonesimulator";
				SUPPORTS_MACCATALYST = YES;
				SUPPORTS_MAC_DESIGNED_FOR_IPHONE_IPAD = NO;
				SWIFT_EMIT_LOC_STRINGS = YES;
				SWIFT_VERSION = 5.0;
				TARGETED_DEVICE_FAMILY = "1,2";
				VALIDATE_PRODUCT = YES;
			};
			name = Release;
		};
/* End XCBuildConfiguration section */

/* Begin XCConfigurationList section */
		E4B1B2D329F4C51C00827556 /* Build configuration list for PBXProject "Unagent" */ = {
			isa = XCConfigurationList;
			buildConfigurations = (
				E4B1B32129F4C51D00827556 /* Debug */,
				E4B1B32229F4C51D00827556 /* Release */,
			);
			defaultConfigurationIsVisible = 0;
			defaultConfigurationName = Release;
		};
		E4B1B32329F4C51D00827556 /* Build configuration list for PBXNativeTarget "Unagent Extension" */ = {
			isa = XCConfigurationList;
			buildConfigurations = (
				E4B1B32429F4C51D00827556 /* Debug */,
				E4B1B32529F4C51D00827556 /* Release */,
			);
			defaultConfigurationIsVisible = 0;
			defaultConfigurationName = Release;
		};
		E4B1B32729F4C51D00827556 /* Build configuration list for PBXNativeTarget "Unagent" */ = {
			isa = XCConfigurationList;
			buildConfigurations = (
				E4B1B32829F4C51D00827556 /* Debug */,
				E4B1B32929F4C51D00827556 /* Release */,
			);
			defaultConfigurationIsVisible = 0;
			defaultConfigurationName = Release;
		};
/* End XCConfigurationList section */
	};
	rootObject = E4B1B2D029F4C51C00827556 /* Project object */;
}
